
Microsoft Visual Studio Solution File, Format Version 12.00
# Visual Studio Version 17
VisualStudioVersion = 17.0.31903.59
MinimumVisualStudioVersion = 10.0.40219.1
Project("{2150E333-8FDC-42A3-9474-1A3956D46DE8}") = "component", "component", "{4F942182-3616-4455-A351-DE833903FB1B}"
EndProject
Project("{FAE04EC0-301F-11D3-BF4B-00C04F79EFBC}") = "legallead.json.db", "component\legallead.json.db\legallead.json.db.csproj", "{634429D8-7490-48CD-9C4C-476B276F7C45}"
EndProject
Project("{2150E333-8FDC-42A3-9474-1A3956D46DE8}") = "tests", "tests", "{DF44824A-99E2-4C3B-A976-9652CDF3BBAA}"
EndProject
Project("{FAE04EC0-301F-11D3-BF4B-00C04F79EFBC}") = "legallead.json.db.tests", "tests\legallead.json.db.tests\legallead.json.db.tests.csproj", "{B9E0E183-6D52-4BB8-B0A0-3E7401F7E85A}"
EndProject
Global
	GlobalSection(SolutionConfigurationPlatforms) = preSolution
		Debug|Any CPU = Debug|Any CPU
		Release|Any CPU = Release|Any CPU
	EndGlobalSection
	GlobalSection(SolutionProperties) = preSolution
		HideSolutionNode = FALSE
	EndGlobalSection
	GlobalSection(ProjectConfigurationPlatforms) = postSolution
		{634429D8-7490-48CD-9C4C-476B276F7C45}.Debug|Any CPU.ActiveCfg = Debug|Any CPU
		{634429D8-7490-48CD-9C4C-476B276F7C45}.Debug|Any CPU.Build.0 = Debug|Any CPU
		{634429D8-7490-48CD-9C4C-476B276F7C45}.Release|Any CPU.ActiveCfg = Release|Any CPU
		{634429D8-7490-48CD-9C4C-476B276F7C45}.Release|Any CPU.Build.0 = Release|Any CPU
		{B9E0E183-6D52-4BB8-B0A0-3E7401F7E85A}.Debug|Any CPU.ActiveCfg = Debug|Any CPU
		{B9E0E183-6D52-4BB8-B0A0-3E7401F7E85A}.Debug|Any CPU.Build.0 = Debug|Any CPU
		{B9E0E183-6D52-4BB8-B0A0-3E7401F7E85A}.Release|Any CPU.ActiveCfg = Release|Any CPU
		{B9E0E183-6D52-4BB8-B0A0-3E7401F7E85A}.Release|Any CPU.Build.0 = Release|Any CPU
	EndGlobalSection
	GlobalSection(NestedProjects) = preSolution
		{634429D8-7490-48CD-9C4C-476B276F7C45} = {4F942182-3616-4455-A351-DE833903FB1B}
		{B9E0E183-6D52-4BB8-B0A0-3E7401F7E85A} = {DF44824A-99E2-4C3B-A976-9652CDF3BBAA}
	EndGlobalSection
EndGlobal
