
Microsoft Visual Studio Solution File, Format Version 12.00
# Visual Studio Version 17
VisualStudioVersion = 17.5.33516.290
MinimumVisualStudioVersion = 10.0.40219.1
Project("{9A19103F-16F7-4668-BE54-9A1E7A4F7556}") = "legallead.content", "legallead.content\legallead.content.csproj", "{B91FC4E4-AD26-4B2A-BF9C-7D944EF812A0}"
EndProject
Project("{FAE04EC0-301F-11D3-BF4B-00C04F79EFBC}") = "legallead.content.tests", "tests\legallead.content.tests\legallead.content.tests.csproj", "{CF9B1EF0-64FA-455D-8462-A970065BFAA0}"
EndProject
Global
	GlobalSection(SolutionConfigurationPlatforms) = preSolution
		Debug|Any CPU = Debug|Any CPU
		Release|Any CPU = Release|Any CPU
	EndGlobalSection
	GlobalSection(ProjectConfigurationPlatforms) = postSolution
		{B91FC4E4-AD26-4B2A-BF9C-7D944EF812A0}.Debug|Any CPU.ActiveCfg = Debug|Any CPU
		{B91FC4E4-AD26-4B2A-BF9C-7D944EF812A0}.Debug|Any CPU.Build.0 = Debug|Any CPU
		{B91FC4E4-AD26-4B2A-BF9C-7D944EF812A0}.Release|Any CPU.ActiveCfg = Release|Any CPU
		{B91FC4E4-AD26-4B2A-BF9C-7D944EF812A0}.Release|Any CPU.Build.0 = Release|Any CPU
		{CF9B1EF0-64FA-455D-8462-A970065BFAA0}.Debug|Any CPU.ActiveCfg = Debug|Any CPU
		{CF9B1EF0-64FA-455D-8462-A970065BFAA0}.Debug|Any CPU.Build.0 = Debug|Any CPU
		{CF9B1EF0-64FA-455D-8462-A970065BFAA0}.Release|Any CPU.ActiveCfg = Release|Any CPU
		{CF9B1EF0-64FA-455D-8462-A970065BFAA0}.Release|Any CPU.Build.0 = Release|Any CPU
	EndGlobalSection
	GlobalSection(SolutionProperties) = preSolution
		HideSolutionNode = FALSE
	EndGlobalSection
	GlobalSection(ExtensibilityGlobals) = postSolution
		SolutionGuid = {D5E53AA6-3778-4228-8ECF-D0FEB5164767}
	EndGlobalSection
EndGlobal
