
Microsoft Visual Studio Solution File, Format Version 12.00
# Visual Studio Version 17
VisualStudioVersion = 17.5.33516.290
MinimumVisualStudioVersion = 10.0.40219.1
Project("{2150E333-8FDC-42A3-9474-1A3956D46DE8}") = "_solution", "_solution", "{B658BCAC-DB86-4361-B9FD-7994D2ED55AD}"
	ProjectSection(SolutionItems) = preProject
		CodeCoverage.runsettings = CodeCoverage.runsettings
		..\release\legallead.content.api.release.txt = ..\release\legallead.content.api.release.txt
		..\release\legallead.permissions.api.release.txt = ..\release\legallead.permissions.api.release.txt
		..\release\legallead.reader.component.release.txt = ..\release\legallead.reader.component.release.txt
	EndProjectSection
EndProject
Project("{2150E333-8FDC-42A3-9474-1A3956D46DE8}") = "_deploy", "_deploy", "{E2C63662-CFE2-41E7-964B-682FEFEE89CB}"
	ProjectSection(SolutionItems) = preProject
		..\pipeline-aws-deploy-project.ps1 = ..\pipeline-aws-deploy-project.ps1
		..\pipeline-build-solutions.ps1 = ..\pipeline-build-solutions.ps1
	EndProjectSection
EndProject
Project("{9A19103F-16F7-4668-BE54-9A1E7A4F7556}") = "legallead.jdbc", "db\component\legallead.jdbc\legallead.jdbc.csproj", "{9041DEBD-3E39-42FD-9DF7-1F4EC04E50C6}"
EndProject
Project("{2150E333-8FDC-42A3-9474-1A3956D46DE8}") = "depends", "depends", "{F6FF28C5-4633-4E9E-85B9-873F1506F34B}"
EndProject
Project("{9A19103F-16F7-4668-BE54-9A1E7A4F7556}") = "legallead.logging", "logging\legallead.logging\legallead.logging.csproj", "{BE85EAD2-3E49-4709-AECF-A9F438583603}"
EndProject
Project("{9A19103F-16F7-4668-BE54-9A1E7A4F7556}") = "legallead.models.v1", "api\legallead.models\legallead.models.v1.csproj", "{1C843AC6-6255-478D-91AE-E6A6BA3CF1D4}"
EndProject
Project("{9A19103F-16F7-4668-BE54-9A1E7A4F7556}") = "legallead.records.search", "core\legallead.core\component\records.search\legallead.records.search.csproj", "{4D0861CF-300B-44A4-AF4E-306776ECF1D1}"
EndProject
Project("{9A19103F-16F7-4668-BE54-9A1E7A4F7556}") = "legallead.reader.component", "core\legallead.core\component\worker\legallead.reader.component.csproj", "{C287A652-C752-45CA-88B1-668D7F5A40B8}"
EndProject
Project("{2150E333-8FDC-42A3-9474-1A3956D46DE8}") = "tests", "tests", "{7CA9556C-187A-4184-9500-AF7AEAFAF2F4}"
EndProject
Project("{9A19103F-16F7-4668-BE54-9A1E7A4F7556}") = "legallead.records.search.tests", "core\legallead.core\tests\legallead.records.search.tests\legallead.records.search.tests.csproj", "{53A0B739-5C49-42FD-995A-796499E87EAB}"
EndProject
Global
	GlobalSection(SolutionConfigurationPlatforms) = preSolution
		Debug|Any CPU = Debug|Any CPU
		Local|Any CPU = Local|Any CPU
		Release|Any CPU = Release|Any CPU
		Zip|Any CPU = Zip|Any CPU
	EndGlobalSection
	GlobalSection(ProjectConfigurationPlatforms) = postSolution
		{9041DEBD-3E39-42FD-9DF7-1F4EC04E50C6}.Debug|Any CPU.ActiveCfg = Debug|Any CPU
		{9041DEBD-3E39-42FD-9DF7-1F4EC04E50C6}.Debug|Any CPU.Build.0 = Debug|Any CPU
		{9041DEBD-3E39-42FD-9DF7-1F4EC04E50C6}.Local|Any CPU.ActiveCfg = Local|Any CPU
		{9041DEBD-3E39-42FD-9DF7-1F4EC04E50C6}.Local|Any CPU.Build.0 = Local|Any CPU
		{9041DEBD-3E39-42FD-9DF7-1F4EC04E50C6}.Release|Any CPU.ActiveCfg = Release|Any CPU
		{9041DEBD-3E39-42FD-9DF7-1F4EC04E50C6}.Release|Any CPU.Build.0 = Release|Any CPU
		{9041DEBD-3E39-42FD-9DF7-1F4EC04E50C6}.Zip|Any CPU.ActiveCfg = Zip|Any CPU
		{9041DEBD-3E39-42FD-9DF7-1F4EC04E50C6}.Zip|Any CPU.Build.0 = Zip|Any CPU
		{BE85EAD2-3E49-4709-AECF-A9F438583603}.Debug|Any CPU.ActiveCfg = Debug|Any CPU
		{BE85EAD2-3E49-4709-AECF-A9F438583603}.Debug|Any CPU.Build.0 = Debug|Any CPU
		{BE85EAD2-3E49-4709-AECF-A9F438583603}.Local|Any CPU.ActiveCfg = Debug|Any CPU
		{BE85EAD2-3E49-4709-AECF-A9F438583603}.Local|Any CPU.Build.0 = Debug|Any CPU
		{BE85EAD2-3E49-4709-AECF-A9F438583603}.Release|Any CPU.ActiveCfg = Release|Any CPU
		{BE85EAD2-3E49-4709-AECF-A9F438583603}.Release|Any CPU.Build.0 = Release|Any CPU
		{BE85EAD2-3E49-4709-AECF-A9F438583603}.Zip|Any CPU.ActiveCfg = Debug|Any CPU
		{BE85EAD2-3E49-4709-AECF-A9F438583603}.Zip|Any CPU.Build.0 = Debug|Any CPU
		{1C843AC6-6255-478D-91AE-E6A6BA3CF1D4}.Debug|Any CPU.ActiveCfg = Debug|Any CPU
		{1C843AC6-6255-478D-91AE-E6A6BA3CF1D4}.Debug|Any CPU.Build.0 = Debug|Any CPU
		{1C843AC6-6255-478D-91AE-E6A6BA3CF1D4}.Local|Any CPU.ActiveCfg = Debug|Any CPU
		{1C843AC6-6255-478D-91AE-E6A6BA3CF1D4}.Local|Any CPU.Build.0 = Debug|Any CPU
		{1C843AC6-6255-478D-91AE-E6A6BA3CF1D4}.Release|Any CPU.ActiveCfg = Release|Any CPU
		{1C843AC6-6255-478D-91AE-E6A6BA3CF1D4}.Release|Any CPU.Build.0 = Release|Any CPU
		{1C843AC6-6255-478D-91AE-E6A6BA3CF1D4}.Zip|Any CPU.ActiveCfg = Debug|Any CPU
		{1C843AC6-6255-478D-91AE-E6A6BA3CF1D4}.Zip|Any CPU.Build.0 = Debug|Any CPU
		{4D0861CF-300B-44A4-AF4E-306776ECF1D1}.Debug|Any CPU.ActiveCfg = Debug|Any CPU
		{4D0861CF-300B-44A4-AF4E-306776ECF1D1}.Debug|Any CPU.Build.0 = Debug|Any CPU
		{4D0861CF-300B-44A4-AF4E-306776ECF1D1}.Local|Any CPU.ActiveCfg = Local|Any CPU
		{4D0861CF-300B-44A4-AF4E-306776ECF1D1}.Local|Any CPU.Build.0 = Local|Any CPU
		{4D0861CF-300B-44A4-AF4E-306776ECF1D1}.Release|Any CPU.ActiveCfg = Release|Any CPU
		{4D0861CF-300B-44A4-AF4E-306776ECF1D1}.Release|Any CPU.Build.0 = Release|Any CPU
		{4D0861CF-300B-44A4-AF4E-306776ECF1D1}.Zip|Any CPU.ActiveCfg = Zip|Any CPU
		{4D0861CF-300B-44A4-AF4E-306776ECF1D1}.Zip|Any CPU.Build.0 = Zip|Any CPU
		{C287A652-C752-45CA-88B1-668D7F5A40B8}.Debug|Any CPU.ActiveCfg = Debug|Any CPU
		{C287A652-C752-45CA-88B1-668D7F5A40B8}.Debug|Any CPU.Build.0 = Debug|Any CPU
		{C287A652-C752-45CA-88B1-668D7F5A40B8}.Local|Any CPU.ActiveCfg = Debug|Any CPU
		{C287A652-C752-45CA-88B1-668D7F5A40B8}.Local|Any CPU.Build.0 = Debug|Any CPU
		{C287A652-C752-45CA-88B1-668D7F5A40B8}.Release|Any CPU.ActiveCfg = Release|Any CPU
		{C287A652-C752-45CA-88B1-668D7F5A40B8}.Release|Any CPU.Build.0 = Release|Any CPU
		{C287A652-C752-45CA-88B1-668D7F5A40B8}.Zip|Any CPU.ActiveCfg = Debug|Any CPU
		{C287A652-C752-45CA-88B1-668D7F5A40B8}.Zip|Any CPU.Build.0 = Debug|Any CPU
		{53A0B739-5C49-42FD-995A-796499E87EAB}.Debug|Any CPU.ActiveCfg = Debug|Any CPU
		{53A0B739-5C49-42FD-995A-796499E87EAB}.Debug|Any CPU.Build.0 = Debug|Any CPU
		{53A0B739-5C49-42FD-995A-796499E87EAB}.Local|Any CPU.ActiveCfg = Local|Any CPU
		{53A0B739-5C49-42FD-995A-796499E87EAB}.Local|Any CPU.Build.0 = Local|Any CPU
		{53A0B739-5C49-42FD-995A-796499E87EAB}.Release|Any CPU.ActiveCfg = Release|Any CPU
		{53A0B739-5C49-42FD-995A-796499E87EAB}.Release|Any CPU.Build.0 = Release|Any CPU
		{53A0B739-5C49-42FD-995A-796499E87EAB}.Zip|Any CPU.ActiveCfg = Zip|Any CPU
		{53A0B739-5C49-42FD-995A-796499E87EAB}.Zip|Any CPU.Build.0 = Zip|Any CPU
	EndGlobalSection
	GlobalSection(SolutionProperties) = preSolution
		HideSolutionNode = FALSE
	EndGlobalSection
	GlobalSection(NestedProjects) = preSolution
		{9041DEBD-3E39-42FD-9DF7-1F4EC04E50C6} = {F6FF28C5-4633-4E9E-85B9-873F1506F34B}
		{BE85EAD2-3E49-4709-AECF-A9F438583603} = {F6FF28C5-4633-4E9E-85B9-873F1506F34B}
		{1C843AC6-6255-478D-91AE-E6A6BA3CF1D4} = {F6FF28C5-4633-4E9E-85B9-873F1506F34B}
		{4D0861CF-300B-44A4-AF4E-306776ECF1D1} = {F6FF28C5-4633-4E9E-85B9-873F1506F34B}
		{53A0B739-5C49-42FD-995A-796499E87EAB} = {7CA9556C-187A-4184-9500-AF7AEAFAF2F4}
	EndGlobalSection
	GlobalSection(ExtensibilityGlobals) = postSolution
		SolutionGuid = {AFCBB44C-A4CD-4F04-A5F2-DB8291697D28}
	EndGlobalSection
EndGlobal
