
Microsoft Visual Studio Solution File, Format Version 12.00
# Visual Studio Version 17
VisualStudioVersion = 17.5.33516.290
MinimumVisualStudioVersion = 10.0.40219.1
Project("{2150E333-8FDC-42A3-9474-1A3956D46DE8}") = "components", "components", "{6DA7ACEE-4207-4FFD-BF1B-CE9DA390C5F2}"
EndProject
Project("{2150E333-8FDC-42A3-9474-1A3956D46DE8}") = "tests", "tests", "{6414FF76-621E-4208-930A-1968994421B3}"
EndProject
Project("{9A19103F-16F7-4668-BE54-9A1E7A4F7556}") = "legallead.harriscriminal.db", "core\legallead.core\component\harriscriminal.db\legallead.harriscriminal.db.csproj", "{48BF6E80-A859-4F49-9AEA-0D42E03C5E5A}"
EndProject
Project("{9A19103F-16F7-4668-BE54-9A1E7A4F7556}") = "legallead.records.search", "core\legallead.core\component\records.search\legallead.records.search.csproj", "{3C53FCF9-6C56-4E1D-8C6F-59EB6FD37715}"
EndProject
Project("{9A19103F-16F7-4668-BE54-9A1E7A4F7556}") = "legallead.resources", "core\legallead.core\component\resources\legallead.resources.csproj", "{E79D8838-04E2-4F51-8276-744A1AB547FC}"
EndProject
Project("{2150E333-8FDC-42A3-9474-1A3956D46DE8}") = "db", "db", "{DA475DE6-75F5-4BDB-BD34-6A3D3EA795C1}"
EndProject
Project("{2150E333-8FDC-42A3-9474-1A3956D46DE8}") = "core", "core", "{29DC1BFF-7F9E-4686-98C5-2D642801BF5A}"
EndProject
Project("{9A19103F-16F7-4668-BE54-9A1E7A4F7556}") = "legallead.jdbc.tests", "db\tests\legallead.jdbc.tests\legallead.jdbc.tests.csproj", "{E7D191E0-FAC1-4469-ACC4-AEDDA41EB338}"
EndProject
Project("{9A19103F-16F7-4668-BE54-9A1E7A4F7556}") = "legallead.json.db.tests", "db\tests\legallead.json.db.tests\legallead.json.db.tests.csproj", "{B7789BCD-4BCD-41BC-8943-0D9129AA080F}"
EndProject
Project("{2150E333-8FDC-42A3-9474-1A3956D46DE8}") = "db", "db", "{3337AB42-CA68-4152-A9B1-119AED0F073B}"
EndProject
Project("{2150E333-8FDC-42A3-9474-1A3956D46DE8}") = "core", "core", "{56A97FE9-4958-44EB-BC1B-92DA0E1755ED}"
EndProject
Project("{9A19103F-16F7-4668-BE54-9A1E7A4F7556}") = "legallead.harriscriminal.db.tests", "core\legallead.core\tests\harriscriminal.db.tests\legallead.harriscriminal.db.tests.csproj", "{0FFF0D3B-6B5E-49E9-84EA-34C62EBF7579}"
EndProject
Project("{9A19103F-16F7-4668-BE54-9A1E7A4F7556}") = "legallead.records.search.tests", "core\legallead.core\tests\legallead.records.search.tests\legallead.records.search.tests.csproj", "{12581296-986D-4A72-B66A-59BE4A088946}"
EndProject
Project("{2150E333-8FDC-42A3-9474-1A3956D46DE8}") = "_solution", "_solution", "{B658BCAC-DB86-4361-B9FD-7994D2ED55AD}"
	ProjectSection(SolutionItems) = preProject
		CodeCoverage.runsettings = CodeCoverage.runsettings
		..\release\legallead.content.api.release.txt = ..\release\legallead.content.api.release.txt
		..\release\legallead.permissions.api.release.txt = ..\release\legallead.permissions.api.release.txt
	EndProjectSection
EndProject
Project("{9A19103F-16F7-4668-BE54-9A1E7A4F7556}") = "legallead.resources.tests", "core\legallead.core\tests\legallead.resources.tests\legallead.resources.tests.csproj", "{17899607-8615-4565-8F87-866745045DF4}"
EndProject
Project("{9A19103F-16F7-4668-BE54-9A1E7A4F7556}") = "legallead.jdbc", "db\component\legallead.jdbc\legallead.jdbc.csproj", "{119D29E7-3B3F-462F-BA1A-78DA2C58138D}"
EndProject
Project("{9A19103F-16F7-4668-BE54-9A1E7A4F7556}") = "legallead.json.db", "db\component\legallead.json.db\legallead.json.db.csproj", "{5448616C-65DE-44DA-B620-7F4642EC610E}"
EndProject
Project("{2150E333-8FDC-42A3-9474-1A3956D46DE8}") = "api", "api", "{AA1BF24C-561A-4D86-B17C-592FEEF58C8A}"
EndProject
Project("{9A19103F-16F7-4668-BE54-9A1E7A4F7556}") = "legallead.permissions.api", "api\legallead.permissions.api\legallead.permissions.api.csproj", "{E6A03EC1-4AC3-4330-BE86-7F038EAD8C05}"
EndProject
Project("{2150E333-8FDC-42A3-9474-1A3956D46DE8}") = "api", "api", "{77C1CB34-A5BB-4D4F-BA3D-13447F655D83}"
EndProject
Project("{9A19103F-16F7-4668-BE54-9A1E7A4F7556}") = "permissions.api.tests", "api\permissions.api.tests\permissions.api.tests.csproj", "{A0001DC1-1938-48A2-824B-325354A82F75}"
EndProject
Project("{2150E333-8FDC-42A3-9474-1A3956D46DE8}") = "_deploy", "_deploy", "{E2C63662-CFE2-41E7-964B-682FEFEE89CB}"
	ProjectSection(SolutionItems) = preProject
		..\pipeline-aws-deploy-project.ps1 = ..\pipeline-aws-deploy-project.ps1
	EndProjectSection
EndProject
Global
	GlobalSection(SolutionConfigurationPlatforms) = preSolution
		Debug|Any CPU = Debug|Any CPU
		Local|Any CPU = Local|Any CPU
		Release|Any CPU = Release|Any CPU
		Zip|Any CPU = Zip|Any CPU
	EndGlobalSection
	GlobalSection(ProjectConfigurationPlatforms) = postSolution
		{48BF6E80-A859-4F49-9AEA-0D42E03C5E5A}.Debug|Any CPU.ActiveCfg = Debug|Any CPU
		{48BF6E80-A859-4F49-9AEA-0D42E03C5E5A}.Debug|Any CPU.Build.0 = Debug|Any CPU
		{48BF6E80-A859-4F49-9AEA-0D42E03C5E5A}.Local|Any CPU.ActiveCfg = Local|Any CPU
		{48BF6E80-A859-4F49-9AEA-0D42E03C5E5A}.Local|Any CPU.Build.0 = Local|Any CPU
		{48BF6E80-A859-4F49-9AEA-0D42E03C5E5A}.Release|Any CPU.ActiveCfg = Release|Any CPU
		{48BF6E80-A859-4F49-9AEA-0D42E03C5E5A}.Release|Any CPU.Build.0 = Release|Any CPU
		{48BF6E80-A859-4F49-9AEA-0D42E03C5E5A}.Zip|Any CPU.ActiveCfg = Zip|Any CPU
		{48BF6E80-A859-4F49-9AEA-0D42E03C5E5A}.Zip|Any CPU.Build.0 = Zip|Any CPU
		{3C53FCF9-6C56-4E1D-8C6F-59EB6FD37715}.Debug|Any CPU.ActiveCfg = Debug|Any CPU
		{3C53FCF9-6C56-4E1D-8C6F-59EB6FD37715}.Debug|Any CPU.Build.0 = Debug|Any CPU
		{3C53FCF9-6C56-4E1D-8C6F-59EB6FD37715}.Local|Any CPU.ActiveCfg = Local|Any CPU
		{3C53FCF9-6C56-4E1D-8C6F-59EB6FD37715}.Local|Any CPU.Build.0 = Local|Any CPU
		{3C53FCF9-6C56-4E1D-8C6F-59EB6FD37715}.Release|Any CPU.ActiveCfg = Release|Any CPU
		{3C53FCF9-6C56-4E1D-8C6F-59EB6FD37715}.Release|Any CPU.Build.0 = Release|Any CPU
		{3C53FCF9-6C56-4E1D-8C6F-59EB6FD37715}.Zip|Any CPU.ActiveCfg = Zip|Any CPU
		{3C53FCF9-6C56-4E1D-8C6F-59EB6FD37715}.Zip|Any CPU.Build.0 = Zip|Any CPU
		{E79D8838-04E2-4F51-8276-744A1AB547FC}.Debug|Any CPU.ActiveCfg = Debug|Any CPU
		{E79D8838-04E2-4F51-8276-744A1AB547FC}.Debug|Any CPU.Build.0 = Debug|Any CPU
		{E79D8838-04E2-4F51-8276-744A1AB547FC}.Local|Any CPU.ActiveCfg = Local|Any CPU
		{E79D8838-04E2-4F51-8276-744A1AB547FC}.Local|Any CPU.Build.0 = Local|Any CPU
		{E79D8838-04E2-4F51-8276-744A1AB547FC}.Release|Any CPU.ActiveCfg = Release|Any CPU
		{E79D8838-04E2-4F51-8276-744A1AB547FC}.Release|Any CPU.Build.0 = Release|Any CPU
		{E79D8838-04E2-4F51-8276-744A1AB547FC}.Zip|Any CPU.ActiveCfg = Zip|Any CPU
		{E79D8838-04E2-4F51-8276-744A1AB547FC}.Zip|Any CPU.Build.0 = Zip|Any CPU
		{E7D191E0-FAC1-4469-ACC4-AEDDA41EB338}.Debug|Any CPU.ActiveCfg = Debug|Any CPU
		{E7D191E0-FAC1-4469-ACC4-AEDDA41EB338}.Debug|Any CPU.Build.0 = Debug|Any CPU
		{E7D191E0-FAC1-4469-ACC4-AEDDA41EB338}.Local|Any CPU.ActiveCfg = Local|Any CPU
		{E7D191E0-FAC1-4469-ACC4-AEDDA41EB338}.Local|Any CPU.Build.0 = Local|Any CPU
		{E7D191E0-FAC1-4469-ACC4-AEDDA41EB338}.Release|Any CPU.ActiveCfg = Release|Any CPU
		{E7D191E0-FAC1-4469-ACC4-AEDDA41EB338}.Release|Any CPU.Build.0 = Release|Any CPU
		{E7D191E0-FAC1-4469-ACC4-AEDDA41EB338}.Zip|Any CPU.ActiveCfg = Debug|Any CPU
		{E7D191E0-FAC1-4469-ACC4-AEDDA41EB338}.Zip|Any CPU.Build.0 = Debug|Any CPU
		{B7789BCD-4BCD-41BC-8943-0D9129AA080F}.Debug|Any CPU.ActiveCfg = Debug|Any CPU
		{B7789BCD-4BCD-41BC-8943-0D9129AA080F}.Debug|Any CPU.Build.0 = Debug|Any CPU
		{B7789BCD-4BCD-41BC-8943-0D9129AA080F}.Local|Any CPU.ActiveCfg = Local|Any CPU
		{B7789BCD-4BCD-41BC-8943-0D9129AA080F}.Local|Any CPU.Build.0 = Local|Any CPU
		{B7789BCD-4BCD-41BC-8943-0D9129AA080F}.Release|Any CPU.ActiveCfg = Release|Any CPU
		{B7789BCD-4BCD-41BC-8943-0D9129AA080F}.Release|Any CPU.Build.0 = Release|Any CPU
		{B7789BCD-4BCD-41BC-8943-0D9129AA080F}.Zip|Any CPU.ActiveCfg = Zip|Any CPU
		{B7789BCD-4BCD-41BC-8943-0D9129AA080F}.Zip|Any CPU.Build.0 = Zip|Any CPU
		{0FFF0D3B-6B5E-49E9-84EA-34C62EBF7579}.Debug|Any CPU.ActiveCfg = Debug|Any CPU
		{0FFF0D3B-6B5E-49E9-84EA-34C62EBF7579}.Debug|Any CPU.Build.0 = Debug|Any CPU
		{0FFF0D3B-6B5E-49E9-84EA-34C62EBF7579}.Local|Any CPU.ActiveCfg = Local|Any CPU
		{0FFF0D3B-6B5E-49E9-84EA-34C62EBF7579}.Local|Any CPU.Build.0 = Local|Any CPU
		{0FFF0D3B-6B5E-49E9-84EA-34C62EBF7579}.Release|Any CPU.ActiveCfg = Release|Any CPU
		{0FFF0D3B-6B5E-49E9-84EA-34C62EBF7579}.Release|Any CPU.Build.0 = Release|Any CPU
		{0FFF0D3B-6B5E-49E9-84EA-34C62EBF7579}.Zip|Any CPU.ActiveCfg = Zip|Any CPU
		{0FFF0D3B-6B5E-49E9-84EA-34C62EBF7579}.Zip|Any CPU.Build.0 = Zip|Any CPU
		{12581296-986D-4A72-B66A-59BE4A088946}.Debug|Any CPU.ActiveCfg = Debug|Any CPU
		{12581296-986D-4A72-B66A-59BE4A088946}.Debug|Any CPU.Build.0 = Debug|Any CPU
		{12581296-986D-4A72-B66A-59BE4A088946}.Local|Any CPU.ActiveCfg = Local|Any CPU
		{12581296-986D-4A72-B66A-59BE4A088946}.Local|Any CPU.Build.0 = Local|Any CPU
		{12581296-986D-4A72-B66A-59BE4A088946}.Release|Any CPU.ActiveCfg = Release|Any CPU
		{12581296-986D-4A72-B66A-59BE4A088946}.Release|Any CPU.Build.0 = Release|Any CPU
		{12581296-986D-4A72-B66A-59BE4A088946}.Zip|Any CPU.ActiveCfg = Debug|Any CPU
		{12581296-986D-4A72-B66A-59BE4A088946}.Zip|Any CPU.Build.0 = Debug|Any CPU
		{17899607-8615-4565-8F87-866745045DF4}.Debug|Any CPU.ActiveCfg = Debug|Any CPU
		{17899607-8615-4565-8F87-866745045DF4}.Debug|Any CPU.Build.0 = Debug|Any CPU
		{17899607-8615-4565-8F87-866745045DF4}.Local|Any CPU.ActiveCfg = Local|Any CPU
		{17899607-8615-4565-8F87-866745045DF4}.Local|Any CPU.Build.0 = Local|Any CPU
		{17899607-8615-4565-8F87-866745045DF4}.Release|Any CPU.ActiveCfg = Release|Any CPU
		{17899607-8615-4565-8F87-866745045DF4}.Release|Any CPU.Build.0 = Release|Any CPU
		{17899607-8615-4565-8F87-866745045DF4}.Zip|Any CPU.ActiveCfg = Zip|Any CPU
		{17899607-8615-4565-8F87-866745045DF4}.Zip|Any CPU.Build.0 = Zip|Any CPU
		{119D29E7-3B3F-462F-BA1A-78DA2C58138D}.Debug|Any CPU.ActiveCfg = Debug|Any CPU
		{119D29E7-3B3F-462F-BA1A-78DA2C58138D}.Debug|Any CPU.Build.0 = Debug|Any CPU
		{119D29E7-3B3F-462F-BA1A-78DA2C58138D}.Local|Any CPU.ActiveCfg = Local|Any CPU
		{119D29E7-3B3F-462F-BA1A-78DA2C58138D}.Local|Any CPU.Build.0 = Local|Any CPU
		{119D29E7-3B3F-462F-BA1A-78DA2C58138D}.Release|Any CPU.ActiveCfg = Release|Any CPU
		{119D29E7-3B3F-462F-BA1A-78DA2C58138D}.Release|Any CPU.Build.0 = Release|Any CPU
		{119D29E7-3B3F-462F-BA1A-78DA2C58138D}.Zip|Any CPU.ActiveCfg = Debug|Any CPU
		{119D29E7-3B3F-462F-BA1A-78DA2C58138D}.Zip|Any CPU.Build.0 = Debug|Any CPU
		{5448616C-65DE-44DA-B620-7F4642EC610E}.Debug|Any CPU.ActiveCfg = Debug|Any CPU
		{5448616C-65DE-44DA-B620-7F4642EC610E}.Debug|Any CPU.Build.0 = Debug|Any CPU
		{5448616C-65DE-44DA-B620-7F4642EC610E}.Local|Any CPU.ActiveCfg = Local|Any CPU
		{5448616C-65DE-44DA-B620-7F4642EC610E}.Local|Any CPU.Build.0 = Local|Any CPU
		{5448616C-65DE-44DA-B620-7F4642EC610E}.Release|Any CPU.ActiveCfg = Release|Any CPU
		{5448616C-65DE-44DA-B620-7F4642EC610E}.Release|Any CPU.Build.0 = Release|Any CPU
		{5448616C-65DE-44DA-B620-7F4642EC610E}.Zip|Any CPU.ActiveCfg = Zip|Any CPU
		{5448616C-65DE-44DA-B620-7F4642EC610E}.Zip|Any CPU.Build.0 = Zip|Any CPU
		{E6A03EC1-4AC3-4330-BE86-7F038EAD8C05}.Debug|Any CPU.ActiveCfg = Debug|Any CPU
		{E6A03EC1-4AC3-4330-BE86-7F038EAD8C05}.Debug|Any CPU.Build.0 = Debug|Any CPU
		{E6A03EC1-4AC3-4330-BE86-7F038EAD8C05}.Local|Any CPU.ActiveCfg = Local|Any CPU
		{E6A03EC1-4AC3-4330-BE86-7F038EAD8C05}.Local|Any CPU.Build.0 = Local|Any CPU
		{E6A03EC1-4AC3-4330-BE86-7F038EAD8C05}.Release|Any CPU.ActiveCfg = Release|Any CPU
		{E6A03EC1-4AC3-4330-BE86-7F038EAD8C05}.Release|Any CPU.Build.0 = Release|Any CPU
		{E6A03EC1-4AC3-4330-BE86-7F038EAD8C05}.Zip|Any CPU.ActiveCfg = Zip|Any CPU
		{E6A03EC1-4AC3-4330-BE86-7F038EAD8C05}.Zip|Any CPU.Build.0 = Zip|Any CPU
		{A0001DC1-1938-48A2-824B-325354A82F75}.Debug|Any CPU.ActiveCfg = Debug|Any CPU
		{A0001DC1-1938-48A2-824B-325354A82F75}.Debug|Any CPU.Build.0 = Debug|Any CPU
		{A0001DC1-1938-48A2-824B-325354A82F75}.Local|Any CPU.ActiveCfg = Local|Any CPU
		{A0001DC1-1938-48A2-824B-325354A82F75}.Local|Any CPU.Build.0 = Local|Any CPU
		{A0001DC1-1938-48A2-824B-325354A82F75}.Release|Any CPU.ActiveCfg = Release|Any CPU
		{A0001DC1-1938-48A2-824B-325354A82F75}.Release|Any CPU.Build.0 = Release|Any CPU
		{A0001DC1-1938-48A2-824B-325354A82F75}.Zip|Any CPU.ActiveCfg = Debug|Any CPU
		{A0001DC1-1938-48A2-824B-325354A82F75}.Zip|Any CPU.Build.0 = Debug|Any CPU
	EndGlobalSection
	GlobalSection(SolutionProperties) = preSolution
		HideSolutionNode = FALSE
	EndGlobalSection
	GlobalSection(NestedProjects) = preSolution
		{48BF6E80-A859-4F49-9AEA-0D42E03C5E5A} = {29DC1BFF-7F9E-4686-98C5-2D642801BF5A}
		{3C53FCF9-6C56-4E1D-8C6F-59EB6FD37715} = {29DC1BFF-7F9E-4686-98C5-2D642801BF5A}
		{E79D8838-04E2-4F51-8276-744A1AB547FC} = {29DC1BFF-7F9E-4686-98C5-2D642801BF5A}
		{DA475DE6-75F5-4BDB-BD34-6A3D3EA795C1} = {6DA7ACEE-4207-4FFD-BF1B-CE9DA390C5F2}
		{29DC1BFF-7F9E-4686-98C5-2D642801BF5A} = {6DA7ACEE-4207-4FFD-BF1B-CE9DA390C5F2}
		{E7D191E0-FAC1-4469-ACC4-AEDDA41EB338} = {3337AB42-CA68-4152-A9B1-119AED0F073B}
		{B7789BCD-4BCD-41BC-8943-0D9129AA080F} = {3337AB42-CA68-4152-A9B1-119AED0F073B}
		{3337AB42-CA68-4152-A9B1-119AED0F073B} = {6414FF76-621E-4208-930A-1968994421B3}
		{56A97FE9-4958-44EB-BC1B-92DA0E1755ED} = {6414FF76-621E-4208-930A-1968994421B3}
		{0FFF0D3B-6B5E-49E9-84EA-34C62EBF7579} = {56A97FE9-4958-44EB-BC1B-92DA0E1755ED}
		{12581296-986D-4A72-B66A-59BE4A088946} = {56A97FE9-4958-44EB-BC1B-92DA0E1755ED}
		{17899607-8615-4565-8F87-866745045DF4} = {56A97FE9-4958-44EB-BC1B-92DA0E1755ED}
		{119D29E7-3B3F-462F-BA1A-78DA2C58138D} = {DA475DE6-75F5-4BDB-BD34-6A3D3EA795C1}
		{5448616C-65DE-44DA-B620-7F4642EC610E} = {DA475DE6-75F5-4BDB-BD34-6A3D3EA795C1}
		{AA1BF24C-561A-4D86-B17C-592FEEF58C8A} = {6DA7ACEE-4207-4FFD-BF1B-CE9DA390C5F2}
		{E6A03EC1-4AC3-4330-BE86-7F038EAD8C05} = {AA1BF24C-561A-4D86-B17C-592FEEF58C8A}
		{77C1CB34-A5BB-4D4F-BA3D-13447F655D83} = {6414FF76-621E-4208-930A-1968994421B3}
		{A0001DC1-1938-48A2-824B-325354A82F75} = {77C1CB34-A5BB-4D4F-BA3D-13447F655D83}
	EndGlobalSection
	GlobalSection(ExtensibilityGlobals) = postSolution
		SolutionGuid = {AFCBB44C-A4CD-4F04-A5F2-DB8291697D28}
	EndGlobalSection
EndGlobal
